version = 1
revision = 3
requires-python = "==3.9.*"

[[package]]
name = "atomicwrites"
version = "1.4.1"
source = { registry = "https://pypi.org/simple" }
sdist = { url = "https://files.pythonhosted.org/packages/87/c6/53da25344e3e3a9c01095a89f16dbcda021c609ddb42dd6d7c0528236fb2/atomicwrites-1.4.1.tar.gz", hash = "sha256:81b2c9071a49367a7f770170e5eec8cb66567cfbbc8c73d20ce5ca4a8d71cf11", size = 14227, upload-time = "2022-07-08T18:31:40.459Z" }

[[package]]
name = "attrs"
version = "26.1.0"
source = { registry = "https://pypi.org/simple" }
sdist = { url = "https://files.pythonhosted.org/packages/9a/8e/82a0fe20a541c03148528be8cac2408564a6c9a0cc7e9171802bc1d26985/attrs-26.1.0.tar.gz", hash = "sha256:d03ceb89cb322a8fd706d4fb91940737b6642aa36998fe130a9bc96c985eff32", size = 952055, upload-time = "2026-03-19T14:22:25.026Z" }
wheels = [
    { url = "https://files.pythonhosted.org/packages/64/b4/17d4b0b2a2dc85a6df63d1157e028ed19f90d4cd97c36717afef2bc2f395/attrs-26.1.0-py3-none-any.whl", hash = "sha256:c647aa4a12dfbad9333ca4e71fe62ddc36f4e63b2d260a37a8b83d2f043ac309", size = 67548, upload-time = "2026-03-19T14:22:23.645Z" },
]

[[package]]
name = "black"
version = "22.6.0"
source = { registry = "https://pypi.org/simple" }
dependencies = [
    { name = "click" },
    { name = "mypy-extensions" },
    { name = "pathspec" },
    { name = "platformdirs" },
    { name = "tomli" },
    { name = "typing-extensions" },
]
sdist = { url = "https://files.pythonhosted.org/packages/61/11/551b0d067a7e6836fc0997ab36ee46ec65259fea8f30104f4870092f3301/black-22.6.0.tar.gz", hash = "sha256:6c6d39e28aed379aec40da1c65434c77d75e65bb59a1e1c283de545fb4e7c6c9", size = 566106, upload-time = "2022-06-28T00:39:56.47Z" }
wheels = [
    { url = "https://files.pythonhosted.org/packages/1d/d2/bc58bae8ec35f5a3c796d71d5bda113060678483e623a019fb889edd8d97/black-22.6.0-cp39-cp39-macosx_10_9_universal2.whl", hash = "sha256:7ba9be198ecca5031cd78745780d65a3f75a34b2ff9be5837045dce55db83d1c", size = 2434759, upload-time = "2022-06-28T02:24:33.72Z" },
    { url = "https://files.pythonhosted.org/packages/9b/22/ff6d904dcb6f92bd7c20b178ed0aa9e6814ae6452df6c573806dbc465b85/black-22.6.0-cp39-cp39-macosx_10_9_x86_64.whl", hash = "sha256:a3db5b6409b96d9bd543323b23ef32a1a2b06416d525d27e0f67e74f1446c8f2", size = 1362730, upload-time = "2022-06-28T02:31:19.388Z" },
    { url = "https://files.pythonhosted.org/packages/19/b0/13864fd5f3090ca5379f3dcf6034f1e4f02b59620e7b8b5c6f0c85622c0b/black-22.6.0-cp39-cp39-macosx_11_0_arm64.whl", hash = "sha256:560558527e52ce8afba936fcce93a7411ab40c7d5fe8c2463e279e843c0328ee", size = 1231807, upload-time = "2022-06-28T01:50:51.181Z" },
    { url = "https://files.pythonhosted.org/packages/2b/d9/7331e50dad8d5149a9e2285766960ac6b732ae9b3b9796e10916ad88ff61/black-22.6.0-cp39-cp39-manylinux_2_17_x86_64.manylinux2014_x86_64.whl", hash = "sha256:b154e6bbde1e79ea3260c4b40c0b7b3109ffcdf7bc4ebf8859169a6af72cd70b", size = 1501134, upload-time = "2022-06-28T01:51:02.221Z" },
    { url = "https://files.pythonhosted.org/packages/55/33/752544332a2d3be0f6d54ef808075681b68ddc15cfcb90ff128f2d30c85c/black-22.6.0-cp39-cp39-win_amd64.whl", hash = "sha256:4af5bc0e1f96be5ae9bd7aaec219c901a94d6caa2484c21983d043371c733fc4", size = 1156530, upload-time = "2022-06-28T01:51:12.35Z" },
    { url = "https://files.pythonhosted.org/packages/2b/70/1d0e33a4df4ed73e9f02f698a29b5d94ff58e39f029c939ecf96a10fb1f3/black-22.6.0-py3-none-any.whl", hash = "sha256:ac609cf8ef5e7115ddd07d85d988d074ed00e10fbc3445aee393e70164a2219c", size = 156271, upload-time = "2022-06-28T00:39:54.732Z" },
]

[[package]]
name = "cardiovascular-risk-prediction"
version = "0.1.0"
source = { virtual = "." }
dependencies = [
    { name = "matplotlib" },
    { name = "numpy" },
]

[package.dev-dependencies]
dev = [
    { name = "black" },
    { name = "gitpython" },
    { name = "pytest" },
]

[package.metadata]
requires-dist = [
    { name = "matplotlib", specifier = "==3.5.2" },
    { name = "numpy", specifier = "==1.23.1" },
]

[package.metadata.requires-dev]
dev = [
    { name = "black", specifier = "==22.6.0" },
    { name = "gitpython", specifier = "==3.1.18" },
    { name = "pytest", specifier = "==7.1.2" },
]

[[package]]
name = "click"
version = "8.1.8"
source = { registry = "https://pypi.org/simple" }
dependencies = [
    { name = "colorama", marker = "sys_platform == 'win32'" },
]
sdist = { url = "https://files.pythonhosted.org/packages/b9/2e/0090cbf739cee7d23781ad4b89a9894a41538e4fcf4c31dcdd705b78eb8b/click-8.1.8.tar.gz", hash = "sha256:ed53c9d8990d83c2a27deae68e4ee337473f6330c040a31d4225c9574d16096a", size = 226593, upload-time = "2024-12-21T18:38:44.339Z" }
wheels = [
    { url = "https://files.pythonhosted.org/packages/7e/d4/7ebdbd03970677812aac39c869717059dbb71a4cfc033ca6e5221787892c/click-8.1.8-py3-none-any.whl", hash = "sha256:63c132bbbed01578a06712a2d1f497bb62d9c1c0d329b7903a866228027263b2", size = 98188, upload-time = "2024-12-21T18:38:41.666Z" },
]

[[package]]
name = "colorama"
version = "0.4.6"
source = { registry = "https://pypi.org/simple" }
sdist = { url = "https://files.pythonhosted.org/packages/d8/53/6f443c9a4a8358a93a6792e2acffb9d9d5cb0a5cfd8802644b7b1c9a02e4/colorama-0.4.6.tar.gz", hash = "sha256:08695f5cb7ed6e0531a20572697297273c47b8cae5a63ffc6d6ed5c201be6e44", size = 27697, upload-time = "2022-10-25T02:36:22.414Z" }
wheels = [
    { url = "https://files.pythonhosted.org/packages/d1/d6/3965ed04c63042e047cb6a3e6ed1a63a35087b6a609aa3a15ed8ac56c221/colorama-0.4.6-py2.py3-none-any.whl", hash = "sha256:4f1d9991f5acc0ca119f9d443620b77f9d6b33703e51011c16baf57afb285fc6", size = 25335, upload-time = "2022-10-25T02:36:20.889Z" },
]

[[package]]
name = "cycler"
version = "0.12.1"
source = { registry = "https://pypi.org/simple" }
sdist = { url = "https://files.pythonhosted.org/packages/a9/95/a3dbbb5028f35eafb79008e7522a75244477d2838f38cbb722248dabc2a8/cycler-0.12.1.tar.gz", hash = "sha256:88bb128f02ba341da8ef447245a9e138fae777f6a23943da4540077d3601eb1c", size = 7615, upload-time = "2023-10-07T05:32:18.335Z" }
wheels = [
    { url = "https://files.pythonhosted.org/packages/e7/05/c19819d5e3d95294a6f5947fb9b9629efb316b96de511b418c53d245aae6/cycler-0.12.1-py3-none-any.whl", hash = "sha256:85cef7cff222d8644161529808465972e51340599459b8ac3ccbac5a854e0d30", size = 8321, upload-time = "2023-10-07T05:32:16.783Z" },
]

[[package]]
name = "fonttools"
version = "4.60.2"
source = { registry = "https://pypi.org/simple" }
sdist = { url = "https://files.pythonhosted.org/packages/3e/c4/db6a7b5eb0656534c3aa2596c2c5e18830d74f1b9aa5aa8a7dff63a0b11d/fonttools-4.60.2.tar.gz", hash = "sha256:d29552e6b155ebfc685b0aecf8d429cb76c14ab734c22ef5d3dea6fdf800c92c", size = 3562254, upload-time = "2025-12-09T13:38:11.835Z" }
wheels = [
    { url = "https://files.pythonhosted.org/packages/55/ae/a6d9446cb258d3fe87e311c2d7bacf8e8da3e5809fbdc3a8306db4f6b14e/fonttools-4.60.2-cp39-cp39-macosx_10_9_universal2.whl", hash = "sha256:a3c75b8b42f7f93906bdba9eb1197bb76aecbe9a0a7cf6feec75f7605b5e8008", size = 2857184, upload-time = "2025-12-09T13:37:49.96Z" },
    { url = "https://files.pythonhosted.org/packages/3a/f3/1b41d0b6a8b908aa07f652111155dd653ebbf0b3385e66562556c5206685/fonttools-4.60.2-cp39-cp39-macosx_10_9_x86_64.whl", hash = "sha256:0f86c8c37bc0ec0b9c141d5e90c717ff614e93c187f06d80f18c7057097f71bc", size = 2401877, upload-time = "2025-12-09T13:37:52.307Z" },
    { url = "https://files.pythonhosted.org/packages/71/57/048fd781680c38b05c5463657d0d95d5f2391a51972176e175c01de29d42/fonttools-4.60.2-cp39-cp39-manylinux2014_aarch64.manylinux_2_17_aarch64.manylinux_2_28_aarch64.whl", hash = "sha256:fe905403fe59683b0e9a45f234af2866834376b8821f34633b1c76fb731b6311", size = 4878073, upload-time = "2025-12-09T13:37:56.477Z" },
    { url = "https://files.pythonhosted.org/packages/45/bb/363364f052a893cebd3d449588b21244a9d873620fda03ad92702d2e1bc7/fonttools-4.60.2-cp39-cp39-manylinux2014_x86_64.manylinux_2_17_x86_64.whl", hash = "sha256:38ce703b60a906e421e12d9e3a7f064883f5e61bb23e8961f4be33cfe578500b", size = 4835385, upload-time = "2025-12-09T13:37:58.882Z" },
    { url = "https://files.pythonhosted.org/packages/1c/38/e392bb930b2436287e6021672345db26441bf1f85f1e98f8b9784334e41d/fonttools-4.60.2-cp39-cp39-musllinux_1_2_aarch64.whl", hash = "sha256:9e810c06f3e79185cecf120e58b343ea5a89b54dd695fd644446bcf8c026da5e", size = 4853084, upload-time = "2025-12-09T13:38:01.578Z" },
    { url = "https://files.pythonhosted.org/packages/65/60/0d77faeaecf7a3276a8a6dc49e2274357e6b3ed6a1774e2fdb2a7f142db0/fonttools-4.60.2-cp39-cp39-musllinux_1_2_x86_64.whl", hash = "sha256:38faec8cc1d12122599814d15a402183f5123fb7608dac956121e7c6742aebc5", size = 4971144, upload-time = "2025-12-09T13:38:03.748Z" },
    { url = "https://files.pythonhosted.org/packages/ba/c7/6d3ac3afbcd598631bce24c3ecb919e7d0644a82fea8ddc4454312fc0be6/fonttools-4.60.2-cp39-cp39-win32.whl", hash = "sha256:80a45cf7bf659acb7b36578f300231873daba67bd3ca8cce181c73f861f14a37", size = 1499411, upload-time = "2025-12-09T13:38:05.586Z" },
    { url = "https://files.pythonhosted.org/packages/5a/1c/9dedf6420e23f9fa630bb97941839dddd2e1e57d1b2b85a902378dbe0bd2/fonttools-4.60.2-cp39-cp39-win_amd64.whl", hash = "sha256:c355d5972071938e1b1e0f5a1df001f68ecf1a62f34a3407dc8e0beccf052501", size = 1547943, upload-time = "2025-12-09T13:38:07.604Z" },
    { url = "https://files.pythonhosted.org/packages/79/6c/10280af05b44fafd1dff69422805061fa1af29270bc52dce031ac69540bf/fonttools-4.60.2-py3-none-any.whl", hash = "sha256:73cf92eeda67cf6ff10c8af56fc8f4f07c1647d989a979be9e388a49be26552a", size = 1144610, upload-time = "2025-12-09T13:38:09.5Z" },
]

[[package]]
name = "gitdb"
version = "4.0.12"
source = { registry = "https://pypi.org/simple" }
dependencies = [
    { name = "smmap" },
]
sdist = { url = "https://files.pythonhosted.org/packages/72/94/63b0fc47eb32792c7ba1fe1b694daec9a63620db1e313033d18140c2320a/gitdb-4.0.12.tar.gz", hash = "sha256:5ef71f855d191a3326fcfbc0d5da835f26b13fbcba60c32c21091c349ffdb571", size = 394684, upload-time = "2025-01-02T07:20:46.413Z" }
wheels = [
    { url = "https://files.pythonhosted.org/packages/a0/61/5c78b91c3143ed5c14207f463aecfc8f9dbb5092fb2869baf37c273b2705/gitdb-4.0.12-py3-none-any.whl", hash = "sha256:67073e15955400952c6565cc3e707c554a4eea2e428946f7a4c162fab9bd9bcf", size = 62794, upload-time = "2025-01-02T07:20:43.624Z" },
]

[[package]]
name = "gitpython"
version = "3.1.18"
source = { registry = "https://pypi.org/simple" }
dependencies = [
    { name = "gitdb" },
]
sdist = { url = "https://files.pythonhosted.org/packages/29/22/3d591875078c1c5e7e11b478616821995053968a74b76043c55448c46381/GitPython-3.1.18.tar.gz", hash = "sha256:b838a895977b45ab6f0cc926a9045c8d1c44e2b653c1fcc39fe91f42c6e8f05b", size = 181199, upload-time = "2021-06-18T03:33:53.958Z" }
wheels = [
    { url = "https://files.pythonhosted.org/packages/bc/91/b38c4fabb6e5092ab23492ded4f318ab7299b19263272b703478038c0fbc/GitPython-3.1.18-py3-none-any.whl", hash = "sha256:fce760879cd2aebd2991b3542876dc5c4a909b30c9d69dfc488e504a8db37ee8", size = 170100, upload-time = "2021-06-18T03:33:51.4Z" },
]

[[package]]
name = "iniconfig"
version = "2.1.0"
source = { registry = "https://pypi.org/simple" }
sdist = { url = "https://files.pythonhosted.org/packages/f2/97/ebf4da567aa6827c909642694d71c9fcf53e5b504f2d96afea02718862f3/iniconfig-2.1.0.tar.gz", hash = "sha256:3abbd2e30b36733fee78f9c7f7308f2d0050e88f0087fd25c2645f63c773e1c7", size = 4793, upload-time = "2025-03-19T20:09:59.721Z" }
wheels = [
    { url = "https://files.pythonhosted.org/packages/2c/e1/e6716421ea10d38022b952c159d5161ca1193197fb744506875fbb87ea7b/iniconfig-2.1.0-py3-none-any.whl", hash = "sha256:9deba5723312380e77435581c6bf4935c94cbfab9b1ed33ef8d238ea168eb760", size = 6050, upload-time = "2025-03-19T20:10:01.071Z" },
]

[[package]]
name = "kiwisolver"
version = "1.4.7"
source = { registry = "https://pypi.org/simple" }
sdist = { url = "https://files.pythonhosted.org/packages/85/4d/2255e1c76304cbd60b48cee302b66d1dde4468dc5b1160e4b7cb43778f2a/kiwisolver-1.4.7.tar.gz", hash = "sha256:9893ff81bd7107f7b685d3017cc6583daadb4fc26e4a888350df530e41980a60", size = 97286, upload-time = "2024-09-04T09:39:44.302Z" }
wheels = [
    { url = "https://files.pythonhosted.org/packages/11/88/37ea0ea64512997b13d69772db8dcdc3bfca5442cda3a5e4bb943652ee3e/kiwisolver-1.4.7-cp39-cp39-macosx_10_9_universal2.whl", hash = "sha256:3f9362ecfca44c863569d3d3c033dbe8ba452ff8eed6f6b5806382741a1334bd", size = 122449, upload-time = "2024-09-04T09:05:55.311Z" },
    { url = "https://files.pythonhosted.org/packages/4e/45/5a5c46078362cb3882dcacad687c503089263c017ca1241e0483857791eb/kiwisolver-1.4.7-cp39-cp39-macosx_10_9_x86_64.whl", hash = "sha256:e8df2eb9b2bac43ef8b082e06f750350fbbaf2887534a5be97f6cf07b19d9583", size = 65757, upload-time = "2024-09-04T09:05:56.906Z" },
    { url = "https://files.pythonhosted.org/packages/8a/be/a6ae58978772f685d48dd2e84460937761c53c4bbd84e42b0336473d9775/kiwisolver-1.4.7-cp39-cp39-macosx_11_0_arm64.whl", hash = "sha256:f32d6edbc638cde7652bd690c3e728b25332acbadd7cad670cc4a02558d9c417", size = 64312, upload-time = "2024-09-04T09:05:58.384Z" },
    { url = "https://files.pythonhosted.org/packages/f4/04/18ef6f452d311e1e1eb180c9bf5589187fa1f042db877e6fe443ef10099c/kiwisolver-1.4.7-cp39-cp39-manylinux_2_12_i686.manylinux2010_i686.whl", hash = "sha256:e2e6c39bd7b9372b0be21456caab138e8e69cc0fc1190a9dfa92bd45a1e6e904", size = 1626966, upload-time = "2024-09-04T09:05:59.855Z" },
    { url = "https://files.pythonhosted.org/packages/21/b1/40655f6c3fa11ce740e8a964fa8e4c0479c87d6a7944b95af799c7a55dfe/kiwisolver-1.4.7-cp39-cp39-manylinux_2_12_x86_64.manylinux2010_x86_64.whl", hash = "sha256:dda56c24d869b1193fcc763f1284b9126550eaf84b88bbc7256e15028f19188a", size = 1607044, upload-time = "2024-09-04T09:06:02.16Z" },
    { url = "https://files.pythonhosted.org/packages/fd/93/af67dbcfb9b3323bbd2c2db1385a7139d8f77630e4a37bb945b57188eb2d/kiwisolver-1.4.7-cp39-cp39-manylinux_2_17_aarch64.manylinux2014_aarch64.whl", hash = "sha256:79849239c39b5e1fd906556c474d9b0439ea6792b637511f3fe3a41158d89ca8", size = 1391879, upload-time = "2024-09-04T09:06:03.908Z" },
    { url = "https://files.pythonhosted.org/packages/40/6f/d60770ef98e77b365d96061d090c0cd9e23418121c55fff188fa4bdf0b54/kiwisolver-1.4.7-cp39-cp39-manylinux_2_17_ppc64le.manylinux2014_ppc64le.whl", hash = "sha256:5e3bc157fed2a4c02ec468de4ecd12a6e22818d4f09cde2c31ee3226ffbefab2", size = 1504751, upload-time = "2024-09-04T09:06:05.58Z" },
    { url = "https://files.pythonhosted.org/packages/fa/3a/5f38667d313e983c432f3fcd86932177519ed8790c724e07d77d1de0188a/kiwisolver-1.4.7-cp39-cp39-manylinux_2_17_s390x.manylinux2014_s390x.whl", hash = "sha256:3da53da805b71e41053dc670f9a820d1157aae77b6b944e08024d17bcd51ef88", size = 1436990, upload-time = "2024-09-04T09:06:08.126Z" },
    { url = "https://files.pythonhosted.org/packages/cb/3b/1520301a47326e6a6043b502647e42892be33b3f051e9791cc8bb43f1a32/kiwisolver-1.4.7-cp39-cp39-musllinux_1_2_aarch64.whl", hash = "sha256:8705f17dfeb43139a692298cb6637ee2e59c0194538153e83e9ee0c75c2eddde", size = 2191122, upload-time = "2024-09-04T09:06:10.345Z" },
    { url = "https://files.pythonhosted.org/packages/cf/c4/eb52da300c166239a2233f1f9c4a1b767dfab98fae27681bfb7ea4873cb6/kiwisolver-1.4.7-cp39-cp39-musllinux_1_2_i686.whl", hash = "sha256:82a5c2f4b87c26bb1a0ef3d16b5c4753434633b83d365cc0ddf2770c93829e3c", size = 2338126, upload-time = "2024-09-04T09:06:12.321Z" },
    { url = "https://files.pythonhosted.org/packages/1a/cb/42b92fd5eadd708dd9107c089e817945500685f3437ce1fd387efebc6d6e/kiwisolver-1.4.7-cp39-cp39-musllinux_1_2_ppc64le.whl", hash = "sha256:ce8be0466f4c0d585cdb6c1e2ed07232221df101a4c6f28821d2aa754ca2d9e2", size = 2298313, upload-time = "2024-09-04T09:06:14.562Z" },
    { url = "https://files.pythonhosted.org/packages/4f/eb/be25aa791fe5fc75a8b1e0c965e00f942496bc04635c9aae8035f6b76dcd/kiwisolver-1.4.7-cp39-cp39-musllinux_1_2_s390x.whl", hash = "sha256:409afdfe1e2e90e6ee7fc896f3df9a7fec8e793e58bfa0d052c8a82f99c37abb", size = 2437784, upload-time = "2024-09-04T09:06:16.767Z" },
    { url = "https://files.pythonhosted.org/packages/c5/22/30a66be7f3368d76ff95689e1c2e28d382383952964ab15330a15d8bfd03/kiwisolver-1.4.7-cp39-cp39-musllinux_1_2_x86_64.whl", hash = "sha256:5b9c3f4ee0b9a439d2415012bd1b1cc2df59e4d6a9939f4d669241d30b414327", size = 2253988, upload-time = "2024-09-04T09:06:18.705Z" },
    { url = "https://files.pythonhosted.org/packages/35/d3/5f2ecb94b5211c8a04f218a76133cc8d6d153b0f9cd0b45fad79907f0689/kiwisolver-1.4.7-cp39-cp39-win32.whl", hash = "sha256:a79ae34384df2b615eefca647a2873842ac3b596418032bef9a7283675962644", size = 46980, upload-time = "2024-09-04T09:06:20.106Z" },
    { url = "https://files.pythonhosted.org/packages/ef/17/cd10d020578764ea91740204edc6b3236ed8106228a46f568d716b11feb2/kiwisolver-1.4.7-cp39-cp39-win_amd64.whl", hash = "sha256:cf0438b42121a66a3a667de17e779330fc0f20b0d97d59d2f2121e182b0505e4", size = 55847, upload-time = "2024-09-04T09:06:21.407Z" },
    { url = "https://files.pythonhosted.org/packages/91/84/32232502020bd78d1d12be7afde15811c64a95ed1f606c10456db4e4c3ac/kiwisolver-1.4.7-cp39-cp39-win_arm64.whl", hash = "sha256:764202cc7e70f767dab49e8df52c7455e8de0df5d858fa801a11aa0d882ccf3f", size = 48494, upload-time = "2024-09-04T09:06:22.648Z" },
    { url = "https://files.pythonhosted.org/packages/d5/df/ce37d9b26f07ab90880923c94d12a6ff4d27447096b4c849bfc4339ccfdf/kiwisolver-1.4.7-pp39-pypy39_pp73-macosx_10_15_x86_64.whl", hash = "sha256:8b01aac285f91ca889c800042c35ad3b239e704b150cfd3382adfc9dcc780e39", size = 58666, upload-time = "2024-09-04T09:06:43.756Z" },
    { url = "https://files.pythonhosted.org/packages/b0/d3/e4b04f43bc629ac8e186b77b2b1a251cdfa5b7610fa189dc0db622672ce6/kiwisolver-1.4.7-pp39-pypy39_pp73-macosx_11_0_arm64.whl", hash = "sha256:48be928f59a1f5c8207154f935334d374e79f2b5d212826307d072595ad76a2e", size = 57088, upload-time = "2024-09-04T09:06:45.406Z" },
    { url = "https://files.pythonhosted.org/packages/30/1c/752df58e2d339e670a535514d2db4fe8c842ce459776b8080fbe08ebb98e/kiwisolver-1.4.7-pp39-pypy39_pp73-manylinux_2_12_i686.manylinux2010_i686.manylinux_2_17_i686.manylinux2014_i686.whl", hash = "sha256:f37cfe618a117e50d8c240555331160d73d0411422b59b5ee217843d7b693608", size = 84321, upload-time = "2024-09-04T09:06:47.557Z" },
    { url = "https://files.pythonhosted.org/packages/f0/f8/fe6484e847bc6e238ec9f9828089fb2c0bb53f2f5f3a79351fde5b565e4f/kiwisolver-1.4.7-pp39-pypy39_pp73-manylinux_2_17_aarch64.manylinux2014_aarch64.whl", hash = "sha256:599b5c873c63a1f6ed7eead644a8a380cfbdf5db91dcb6f85707aaab213b1674", size = 80776, upload-time = "2024-09-04T09:06:49.235Z" },
    { url = "https://files.pythonhosted.org/packages/9b/57/d7163c0379f250ef763aba85330a19feefb5ce6cb541ade853aaba881524/kiwisolver-1.4.7-pp39-pypy39_pp73-manylinux_2_17_x86_64.manylinux2014_x86_64.whl", hash = "sha256:801fa7802e5cfabe3ab0c81a34c323a319b097dfb5004be950482d882f3d7225", size = 79984, upload-time = "2024-09-04T09:06:51.336Z" },
    { url = "https://files.pythonhosted.org/packages/8c/95/4a103776c265d13b3d2cd24fb0494d4e04ea435a8ef97e1b2c026d43250b/kiwisolver-1.4.7-pp39-pypy39_pp73-win_amd64.whl", hash = "sha256:0c6c43471bc764fad4bc99c5c2d6d16a676b1abf844ca7c8702bdae92df01ee0", size = 55811, upload-time = "2024-09-04T09:06:53.078Z" },
]

[[package]]
name = "matplotlib"
version = "3.5.2"
source = { registry = "https://pypi.org/simple" }
dependencies = [
    { name = "cycler" },
    { name = "fonttools" },
    { name = "kiwisolver" },
    { name = "numpy" },
    { name = "packaging" },
    { name = "pillow" },
    { name = "pyparsing" },
    { name = "python-dateutil" },
]
sdist = { url = "https://files.pythonhosted.org/packages/2f/be/7d6e073a3eb740ebeba43a69f5de2b141fea50b801e24e0ae024ac94d4ac/matplotlib-3.5.2.tar.gz", hash = "sha256:48cf850ce14fa18067f2d9e0d646763681948487a8080ec0af2686468b4607a2", size = 35210006, upload-time = "2022-05-03T06:44:25.873Z" }
wheels = [
    { url = "https://files.pythonhosted.org/packages/fd/b6/52cb6ddd11462c0c86e53d9fe092074f9c106d61204851815b0c1e5879f1/matplotlib-3.5.2-cp39-cp39-macosx_10_9_universal2.whl", hash = "sha256:4a44cdfdb9d1b2f18b1e7d315eb3843abb097869cd1ef89cfce6a488cd1b5182", size = 8080807, upload-time = "2022-05-03T06:46:02Z" },
    { url = "https://files.pythonhosted.org/packages/3a/40/a638be5b2a7be1c37657c211e908f249e5b504c10e749b9107b19fd9ff2c/matplotlib-3.5.2-cp39-cp39-macosx_10_9_x86_64.whl", hash = "sha256:3d8e129af95b156b41cb3be0d9a7512cc6d73e2b2109f82108f566dbabdbf377", size = 7263885, upload-time = "2022-05-03T06:46:04.784Z" },
    { url = "https://files.pythonhosted.org/packages/36/e2/15a8569383085c22fc9b6e3066c887f7420a91f01aaf010e09e10191f8e6/matplotlib-3.5.2-cp39-cp39-macosx_11_0_arm64.whl", hash = "sha256:364e6bca34edc10a96aa3b1d7cd76eb2eea19a4097198c1b19e89bee47ed5781", size = 7160740, upload-time = "2022-05-03T06:46:07.91Z" },
    { url = "https://files.pythonhosted.org/packages/35/be/2d87d517ef2c3be82ea3323e268928a12b979d9d609057e3580197e1c979/matplotlib-3.5.2-cp39-cp39-manylinux_2_17_aarch64.manylinux2014_aarch64.whl", hash = "sha256:ea75df8e567743207e2b479ba3d8843537be1c146d4b1e3e395319a4e1a77fe9", size = 11649919, upload-time = "2022-05-03T06:46:11.458Z" },
    { url = "https://files.pythonhosted.org/packages/b3/5b/c1b57349d1d4e13623a268d582e71aac84981a3b029036b093cf73500d58/matplotlib-3.5.2-cp39-cp39-manylinux_2_5_i686.manylinux1_i686.whl", hash = "sha256:44c6436868186564450df8fd2fc20ed9daaef5caad699aa04069e87099f9b5a8", size = 10937036, upload-time = "2022-05-03T06:46:14.61Z" },
    { url = "https://files.pythonhosted.org/packages/e1/81/0a73fe71098683a1f73243f18f419464ec109acae16811bf29c5d0dc173e/matplotlib-3.5.2-cp39-cp39-manylinux_2_5_x86_64.manylinux1_x86_64.whl", hash = "sha256:7d7705022df2c42bb02937a2a824f4ec3cca915700dd80dc23916af47ff05f1a", size = 11240988, upload-time = "2022-05-03T06:46:17.632Z" },
    { url = "https://files.pythonhosted.org/packages/c0/f0/2ef5d732f45edc9fa70fc85737a0cd79df443f8e8ca0bfd1f7668cd02b4f/matplotlib-3.5.2-cp39-cp39-win32.whl", hash = "sha256:ee0b8e586ac07f83bb2950717e66cb305e2859baf6f00a9c39cc576e0ce9629c", size = 7070815, upload-time = "2022-05-03T06:46:20.543Z" },
    { url = "https://files.pythonhosted.org/packages/43/64/1d949d0fab5b83071290a46c93de28cbd8ff15a75b533d6c134012c61e4d/matplotlib-3.5.2-cp39-cp39-win_amd64.whl", hash = "sha256:c772264631e5ae61f0bd41313bbe48e1b9bcc95b974033e1118c9caa1a84d5c6", size = 7204609, upload-time = "2022-05-03T06:46:23.088Z" },
]

[[package]]
name = "mypy-extensions"
version = "1.1.0"
source = { registry = "https://pypi.org/simple" }
sdist = { url = "https://files.pythonhosted.org/packages/a2/6e/371856a3fb9d31ca8dac321cda606860fa4548858c0cc45d9d1d4ca2628b/mypy_extensions-1.1.0.tar.gz", hash = "sha256:52e68efc3284861e772bbcd66823fde5ae21fd2fdb51c62a211403730b916558", size = 6343, upload-time = "2025-04-22T14:54:24.164Z" }
wheels = [
    { url = "https://files.pythonhosted.org/packages/79/7b/2c79738432f5c924bef5071f933bcc9efd0473bac3b4aa584a6f7c1c8df8/mypy_extensions-1.1.0-py3-none-any.whl", hash = "sha256:1be4cccdb0f2482337c4743e60421de3a356cd97508abadd57d47403e94f5505", size = 4963, upload-time = "2025-04-22T14:54:22.983Z" },
]

[[package]]
name = "numpy"
version = "1.23.1"
source = { registry = "https://pypi.org/simple" }
sdist = { url = "https://files.pythonhosted.org/packages/13/b1/0c22aa7ca1deda4915cdec9562f839546bb252eecf6ad596eaec0592bd35/numpy-1.23.1.tar.gz", hash = "sha256:d748ef349bfef2e1194b59da37ed5a29c19ea8d7e6342019921ba2ba4fd8b624", size = 10716841, upload-time = "2022-07-09T01:46:50.795Z" }
wheels = [
    { url = "https://files.pythonhosted.org/packages/e5/43/b1b80cbcea9f2d0e6adadd27a8da2c71b751d5670a846b444087fab408a1/numpy-1.23.1-cp39-cp39-macosx_10_9_x86_64.whl", hash = "sha256:173f28921b15d341afadf6c3898a34f20a0569e4ad5435297ba262ee8941e77b", size = 18117802, upload-time = "2022-07-09T01:12:16.894Z" },
    { url = "https://files.pythonhosted.org/packages/52/7c/716ab0f3b92b44a3e55d2e51cf66a8a8d403548d2ca82961129fa2c775fe/numpy-1.23.1-cp39-cp39-macosx_11_0_arm64.whl", hash = "sha256:876f60de09734fbcb4e27a97c9a286b51284df1326b1ac5f1bf0ad3678236b22", size = 13348343, upload-time = "2022-07-09T01:12:37.567Z" },
    { url = "https://files.pythonhosted.org/packages/93/76/9e53d1e5b94e67df8fc86554cac49fd9ead0bf163383776c153c34670a19/numpy-1.23.1-cp39-cp39-manylinux_2_17_aarch64.manylinux2014_aarch64.whl", hash = "sha256:35590b9c33c0f1c9732b3231bb6a72d1e4f77872390c47d50a615686ae7ed3fd", size = 13949378, upload-time = "2022-07-09T01:12:58.68Z" },
    { url = "https://files.pythonhosted.org/packages/8d/d6/cc2330e512936a904a4db1629b71d697fb309115f6d2ede94d183cdfe185/numpy-1.23.1-cp39-cp39-manylinux_2_17_x86_64.manylinux2014_x86_64.whl", hash = "sha256:a35c4e64dfca659fe4d0f1421fc0f05b8ed1ca8c46fb73d9e5a7f175f85696bb", size = 17055492, upload-time = "2022-07-09T01:13:24.448Z" },
    { url = "https://files.pythonhosted.org/packages/40/2d/fcb9e41c553adb1a214eca5e2bfc7f87e5a752c7add86da19ddc1cf434b5/numpy-1.23.1-cp39-cp39-win32.whl", hash = "sha256:c2f91f88230042a130ceb1b496932aa717dcbd665350beb821534c5c7e15881c", size = 12211807, upload-time = "2022-07-09T01:13:43.843Z" },
    { url = "https://files.pythonhosted.org/packages/bd/dd/0610fb49c433fe5987ae312fe672119080fd77be484b5698d6fa7554148b/numpy-1.23.1-cp39-cp39-win_amd64.whl", hash = "sha256:37ece2bd095e9781a7156852e43d18044fd0d742934833335599c583618181b9", size = 14662779, upload-time = "2022-07-09T01:14:05.957Z" },
]

[[package]]
name = "packaging"
version = "26.3"
source = { registry = "https://pypi.org/simple" }
sdist = { url = "https://files.pythonhosted.org/packages/7d/fa/3944b40b07da9ce895c0e6303a5ab7d53da063554f534556b134a54d6093/packaging-26.3.tar.gz", hash = "sha256:94edc256424af38762eb31306eed28beb9f0efc50a8837492c9d6fd6004aed79", size = 313412, upload-time = "2026-08-04T18:15:28.737Z" }
wheels = [
    { url = "https://files.pythonhosted.org/packages/63/34/ba1c580383c9eada3711951fef0795c80b829a078d72188184bcab9dd527/packaging-26.3-py3-none-any.whl", hash = "sha256:d7193f7c8e4e93f444fde0262bf90af30e16fa0ad0ad44cb553c87339b23cd1c", size = 129956, upload-time = "2026-08-04T18:15:27.159Z" },
]

[[package]]
name = "pathspec"
version = "1.1.1"
source = { registry = "https://pypi.org/simple" }
sdist = { url = "https://files.pythonhosted.org/packages/5a/82/42f767fc1c1143d6fd36efb827202a2d997a375e160a71eb2888a925aac1/pathspec-1.1.1.tar.gz", hash = "sha256:17db5ecd524104a120e173814c90367a96a98d07c45b2e10c2f3919fff91bf5a", size = 135180, upload-time = "2026-04-27T01:46:08.907Z" }
wheels = [
    { url = "https://files.pythonhosted.org/packages/f1/d9/7fb5aa316bc299258e68c73ba3bddbc499654a07f151cba08f6153988714/pathspec-1.1.1-py3-none-any.whl", hash = "sha256:a00ce642f577bf7f473932318056212bc4f8bfdf53128c78bbd5af0b9b20b189", size = 57328, upload-time = "2026-04-27T01:46:07.06Z" },
]

[[package]]
name = "pillow"
version = "11.3.0"
source = { registry = "https://pypi.org/simple" }
sdist = { url = "https://files.pythonhosted.org/packages/f3/0d/d0d6dea55cd152ce3d6767bb38a8fc10e33796ba4ba210cbab9354b6d238/pillow-11.3.0.tar.gz", hash = "sha256:3828ee7586cd0b2091b6209e5ad53e20d0649bbe87164a459d0676e035e8f523", size = 47113069, upload-time = "2025-07-01T09:16:30.666Z" }
wheels = [
    { url = "https://files.pythonhosted.org/packages/9e/8e/9c089f01677d1264ab8648352dcb7773f37da6ad002542760c80107da816/pillow-11.3.0-cp39-cp39-macosx_10_10_x86_64.whl", hash = "sha256:48d254f8a4c776de343051023eb61ffe818299eeac478da55227d96e241de53f", size = 5316478, upload-time = "2025-07-01T09:15:52.209Z" },
    { url = "https://files.pythonhosted.org/packages/b5/a9/5749930caf674695867eb56a581e78eb5f524b7583ff10b01b6e5048acb3/pillow-11.3.0-cp39-cp39-macosx_11_0_arm64.whl", hash = "sha256:7aee118e30a4cf54fdd873bd3a29de51e29105ab11f9aad8c32123f58c8f8081", size = 4686522, upload-time = "2025-07-01T09:15:54.162Z" },
    { url = "https://files.pythonhosted.org/packages/43/46/0b85b763eb292b691030795f9f6bb6fcaf8948c39413c81696a01c3577f7/pillow-11.3.0-cp39-cp39-manylinux2014_aarch64.manylinux_2_17_aarch64.whl", hash = "sha256:23cff760a9049c502721bdb743a7cb3e03365fafcdfc2ef9784610714166e5a4", size = 5853376, upload-time = "2025-07-03T13:11:01.066Z" },
    { url = "https://files.pythonhosted.org/packages/5e/c6/1a230ec0067243cbd60bc2dad5dc3ab46a8a41e21c15f5c9b52b26873069/pillow-11.3.0-cp39-cp39-manylinux2014_x86_64.manylinux_2_17_x86_64.whl", hash = "sha256:6359a3bc43f57d5b375d1ad54a0074318a0844d11b76abccf478c37c986d3cfc", size = 7626020, upload-time = "2025-07-03T13:11:06.479Z" },
    { url = "https://files.pythonhosted.org/packages/63/dd/f296c27ffba447bfad76c6a0c44c1ea97a90cb9472b9304c94a732e8dbfb/pillow-11.3.0-cp39-cp39-manylinux_2_27_aarch64.manylinux_2_28_aarch64.whl", hash = "sha256:092c80c76635f5ecb10f3f83d76716165c96f5229addbd1ec2bdbbda7d496e06", size = 5956732, upload-time = "2025-07-01T09:15:56.111Z" },
    { url = "https://files.pythonhosted.org/packages/a5/a0/98a3630f0b57f77bae67716562513d3032ae70414fcaf02750279c389a9e/pillow-11.3.0-cp39-cp39-manylinux_2_27_x86_64.manylinux_2_28_x86_64.whl", hash = "sha256:cadc9e0ea0a2431124cde7e1697106471fc4c1da01530e679b2391c37d3fbb3a", size = 6624404, upload-time = "2025-07-01T09:15:58.245Z" },
    { url = "https://files.pythonhosted.org/packages/de/e6/83dfba5646a290edd9a21964da07674409e410579c341fc5b8f7abd81620/pillow-11.3.0-cp39-cp39-musllinux_1_2_aarch64.whl", hash = "sha256:6a418691000f2a418c9135a7cf0d797c1bb7d9a485e61fe8e7722845b95ef978", size = 6067760, upload-time = "2025-07-01T09:16:00.003Z" },
    { url = "https://files.pythonhosted.org/packages/bc/41/15ab268fe6ee9a2bc7391e2bbb20a98d3974304ab1a406a992dcb297a370/pillow-11.3.0-cp39-cp39-musllinux_1_2_x86_64.whl", hash = "sha256:97afb3a00b65cc0804d1c7abddbf090a81eaac02768af58cbdcaaa0a931e0b6d", size = 6700534, upload-time = "2025-07-01T09:16:02.29Z" },
    { url = "https://files.pythonhosted.org/packages/64/79/6d4f638b288300bed727ff29f2a3cb63db054b33518a95f27724915e3fbc/pillow-11.3.0-cp39-cp39-win32.whl", hash = "sha256:ea944117a7974ae78059fcc1800e5d3295172bb97035c0c1d9345fca1419da71", size = 6277091, upload-time = "2025-07-01T09:16:04.4Z" },
    { url = "https://files.pythonhosted.org/packages/46/05/4106422f45a05716fd34ed21763f8ec182e8ea00af6e9cb05b93a247361a/pillow-11.3.0-cp39-cp39-win_amd64.whl", hash = "sha256:e5c5858ad8ec655450a7c7df532e9842cf8df7cc349df7225c60d5d348c8aada", size = 6986091, upload-time = "2025-07-01T09:16:06.342Z" },
    { url = "https://files.pythonhosted.org/packages/63/c6/287fd55c2c12761d0591549d48885187579b7c257bef0c6660755b0b59ae/pillow-11.3.0-cp39-cp39-win_arm64.whl", hash = "sha256:6abdbfd3aea42be05702a8dd98832329c167ee84400a1d1f61ab11437f1717eb", size = 2422632, upload-time = "2025-07-01T09:16:08.142Z" },
]

[[package]]
name = "platformdirs"
version = "4.4.0"
source = { registry = "https://pypi.org/simple" }
sdist = { url = "https://files.pythonhosted.org/packages/23/e8/21db9c9987b0e728855bd57bff6984f67952bea55d6f75e055c46b5383e8/platformdirs-4.4.0.tar.gz", hash = "sha256:ca753cf4d81dc309bc67b0ea38fd15dc97bc30ce419a7f58d13eb3bf14c4febf", size = 21634, upload-time = "2025-08-26T14:32:04.268Z" }
wheels = [
    { url = "https://files.pythonhosted.org/packages/40/4b/2028861e724d3bd36227adfa20d3fd24c3fc6d52032f4a93c133be5d17ce/platformdirs-4.4.0-py3-none-any.whl", hash = "sha256:abd01743f24e5287cd7a5db3752faf1a2d65353f38ec26d98e25a6db65958c85", size = 18654, upload-time = "2025-08-26T14:32:02.735Z" },
]

[[package]]
name = "pluggy"
version = "1.6.0"
source = { registry = "https://pypi.org/simple" }
sdist = { url = "https://files.pythonhosted.org/packages/f9/e2/3e91f31a7d2b083fe6ef3fa267035b518369d9511ffab804f839851d2779/pluggy-1.6.0.tar.gz", hash = "sha256:7dcc130b76258d33b90f61b658791dede3486c3e6bfb003ee5c9bfb396dd22f3", size = 69412, upload-time = "2025-05-15T12:30:07.975Z" }
wheels = [
    { url = "https://files.pythonhosted.org/packages/54/20/4d324d65cc6d9205fabedc306948156824eb9f0ee1633355a8f7ec5c66bf/pluggy-1.6.0-py3-none-any.whl", hash = "sha256:e920276dd6813095e9377c0bc5566d94c932c33b27a3e3945d8389c374dd4746", size = 20538, upload-time = "2025-05-15T12:30:06.134Z" },
]

[[package]]
name = "py"
version = "1.11.0"
source = { registry = "https://pypi.org/simple" }
sdist = { url = "https://files.pythonhosted.org/packages/98/ff/fec109ceb715d2a6b4c4a85a61af3b40c723a961e8828319fbcb15b868dc/py-1.11.0.tar.gz", hash = "sha256:51c75c4126074b472f746a24399ad32f6053d1b34b68d2fa41e558e6f4a98719", size = 207796, upload-time = "2021-11-04T17:17:01.377Z" }
wheels = [
    { url = "https://files.pythonhosted.org/packages/f6/f0/10642828a8dfb741e5f3fbaac830550a518a775c7fff6f04a007259b0548/py-1.11.0-py2.py3-none-any.whl", hash = "sha256:607c53218732647dff4acdfcd50cb62615cedf612e72d1724fb1a0cc6405b378", size = 98708, upload-time = "2021-11-04T17:17:00.152Z" },
]

[[package]]
name = "pyparsing"
version = "3.3.2"
source = { registry = "https://pypi.org/simple" }
sdist = { url = "https://files.pythonhosted.org/packages/f3/91/9c6ee907786a473bf81c5f53cf703ba0957b23ab84c264080fb5a450416f/pyparsing-3.3.2.tar.gz", hash = "sha256:c777f4d763f140633dcb6d8a3eda953bf7a214dc4eff598413c070bcdc117cbc", size = 6851574, upload-time = "2026-01-21T03:57:59.36Z" }
wheels = [
    { url = "https://files.pythonhosted.org/packages/10/bd/c038d7cc38edc1aa5bf91ab8068b63d4308c66c4c8bb3cbba7dfbc049f9c/pyparsing-3.3.2-py3-none-any.whl", hash = "sha256:850ba148bd908d7e2411587e247a1e4f0327839c40e2e5e6d05a007ecc69911d", size = 122781, upload-time = "2026-01-21T03:57:55.912Z" },
]

[[package]]
name = "pytest"
version = "7.1.2"
source = { registry = "https://pypi.org/simple" }
dependencies = [
    { name = "atomicwrites", marker = "sys_platform == 'win32'" },
    { name = "attrs" },
    { name = "colorama", marker = "sys_platform == 'win32'" },
    { name = "iniconfig" },
    { name = "packaging" },
    { name = "pluggy" },
    { name = "py" },
    { name = "tomli" },
]
sdist = { url = "https://files.pythonhosted.org/packages/4e/1f/34657c6ac56f3c58df650ba41f8ffb2620281ead8e11bcdc7db63cf72a78/pytest-7.1.2.tar.gz", hash = "sha256:a06a0425453864a270bc45e71f783330a7428defb4230fb5e6a731fde06ecd45", size = 1256241, upload-time = "2022-04-23T14:35:57.211Z" }
wheels = [
    { url = "https://files.pythonhosted.org/packages/fb/d0/bae533985f2338c5d02184b4a7083b819f6b3fc101da792e0d96e6e5299d/pytest-7.1.2-py3-none-any.whl", hash = "sha256:13d0e3ccfc2b6e26be000cb6568c832ba67ba32e719443bfe725814d3c42433c", size = 297031, upload-time = "2022-04-23T14:35:55.107Z" },
]

[[package]]
name = "python-dateutil"
version = "2.9.0.post0"
source = { registry = "https://pypi.org/simple" }
dependencies = [
    { name = "six" },
]
sdist = { url = "https://files.pythonhosted.org/packages/66/c0/0c8b6ad9f17a802ee498c46e004a0eb49bc148f2fd230864601a86dcf6db/python-dateutil-2.9.0.post0.tar.gz", hash = "sha256:37dd54208da7e1cd875388217d5e00ebd4179249f90fb72437e91a35459a0ad3", size = 342432, upload-time = "2024-03-01T18:36:20.211Z" }
wheels = [
    { url = "https://files.pythonhosted.org/packages/ec/57/56b9bcc3c9c6a792fcbaf139543cee77261f3651ca9da0c93f5c1221264b/python_dateutil-2.9.0.post0-py2.py3-none-any.whl", hash = "sha256:a8b2bc7bffae282281c8140a97d3aa9c14da0b136dfe83f850eea9a5f7470427", size = 229892, upload-time = "2024-03-01T18:36:18.57Z" },
]

[[package]]
name = "six"
version = "1.17.0"
source = { registry = "https://pypi.org/simple" }
sdist = { url = "https://files.pythonhosted.org/packages/94/e7/b2c673351809dca68a0e064b6af791aa332cf192da575fd474ed7d6f16a2/six-1.17.0.tar.gz", hash = "sha256:ff70335d468e7eb6ec65b95b99d3a2836546063f63acc5171de367e834932a81", size = 34031, upload-time = "2024-12-04T17:35:28.174Z" }
wheels = [
    { url = "https://files.pythonhosted.org/packages/b7/ce/149a00dd41f10bc29e5921b496af8b574d8413afcd5e30dfa0ed46c2cc5e/six-1.17.0-py2.py3-none-any.whl", hash = "sha256:4721f391ed90541fddacab5acf947aa0d3dc7d27b2e1e8eda2be8970586c3274", size = 11050, upload-time = "2024-12-04T17:35:26.475Z" },
]

[[package]]
name = "smmap"
version = "5.0.3"
source = { registry = "https://pypi.org/simple" }
sdist = { url = "https://files.pythonhosted.org/packages/1f/ea/49c993d6dfdd7338c9b1000a0f36817ed7ec84577ae2e52f890d1a4ff909/smmap-5.0.3.tar.gz", hash = "sha256:4d9debb8b99007ae47165abc08670bd74cb74b5227dda7f643eccc4e9eb5642c", size = 22506, upload-time = "2026-03-09T03:43:26.1Z" }
wheels = [
    { url = "https://files.pythonhosted.org/packages/c1/d4/59e74daffcb57a07668852eeeb6035af9f32cbfd7a1d2511f17d2fe6a738/smmap-5.0.3-py3-none-any.whl", hash = "sha256:c106e05d5a61449cf6ba9a1e650227ecfb141590d2a98412103ff35d89fc7b2f", size = 24390, upload-time = "2026-03-09T03:43:24.361Z" },
]

[[package]]
name = "tomli"
version = "2.4.1"
source = { registry = "https://pypi.org/simple" }
sdist = { url = "https://files.pythonhosted.org/packages/22/de/48c59722572767841493b26183a0d1cc411d54fd759c5607c4590b6563a6/tomli-2.4.1.tar.gz", hash = "sha256:7c7e1a961a0b2f2472c1ac5b69affa0ae1132c39adcb67aba98568702b9cc23f", size = 17543, upload-time = "2026-03-25T20:22:03.828Z" }
wheels = [
    { url = "https://files.pythonhosted.org/packages/7b/61/cceae43728b7de99d9b847560c262873a1f6c98202171fd5ed62640b494b/tomli-2.4.1-py3-none-any.whl", hash = "sha256:0d85819802132122da43cb86656f8d1f8c6587d54ae7dcaf30e90533028b49fe", size = 14583, upload-time = "2026-03-25T20:22:03.012Z" },
]

[[package]]
name = "typing-extensions"
version = "4.16.0"
source = { registry = "https://pypi.org/simple" }
sdist = { url = "https://files.pythonhosted.org/packages/f6/cc/6253133b5bb138fc3306cebfbda2c520f545d36b5be2c7255cc528bb45d6/typing_extensions-4.16.0.tar.gz", hash = "sha256:dc983d19a509c94dba722ee6abd33940f7c05a89e243c47e907eb4db6f1a43e5", size = 113555, upload-time = "2026-07-02T08:40:05.92Z" }
wheels = [
    { url = "https://files.pythonhosted.org/packages/49/d3/b8441a820a491ddfc024b0b0cf0393375b75ea13866d9c66727e54c2fc80/typing_extensions-4.16.0-py3-none-any.whl", hash = "sha256:481caa481374e813c1b176ada14e97f1f67a4539ce9cfeb3f350d78d6370c2e8", size = 45571, upload-time = "2026-07-02T08:40:04.659Z" },
]
